
Microsoft Visual Studio Solution File, Format Version 12.00
# Visual Studio Version 16
VisualStudioVersion = 16.0.28803.202
MinimumVisualStudioVersion = 10.0.40219.1
Project("{888888A0-9F3D-457C-B088-3A5042F75D52}") = "Besaid", "Besaid\Besaid.pyproj", "{EFFF1063-0DB9-4372-A607-1357E6832C62}"
EndProject
Global
	GlobalSection(SolutionConfigurationPlatforms) = preSolution
		Debug|Any CPU = Debug|Any CPU
		Release|Any CPU = Release|Any CPU
	EndGlobalSection
	GlobalSection(ProjectConfigurationPlatforms) = postSolution
		{EFFF1063-0DB9-4372-A607-1357E6832C62}.Debug|Any CPU.ActiveCfg = Debug|Any CPU
		{EFFF1063-0DB9-4372-A607-1357E6832C62}.Release|Any CPU.ActiveCfg = Release|Any CPU
	EndGlobalSection
	GlobalSection(SolutionProperties) = preSolution
		HideSolutionNode = FALSE
	EndGlobalSection
	GlobalSection(ExtensibilityGlobals) = postSolution
		SolutionGuid = {0F8524ED-03BF-4E1E-B3B2-660512D86937}
	EndGlobalSection
EndGlobal
